
Microsoft Visual Studio Solution File, Format Version 12.00
# Visual Studio Version 16
VisualStudioVersion = 16.0.31624.102
MinimumVisualStudioVersion = 10.0.40219.1
Project("{FAE04EC0-301F-11D3-BF4B-00C04F79EFBC}") = "InterfacePractice", "InterfacePractice.csproj", "{92C24A83-EECA-426B-B98C-5AC492C7D188}"
EndProject
Global
	GlobalSection(SolutionConfigurationPlatforms) = preSolution
		Debug|Any CPU = Debug|Any CPU
		Release|Any CPU = Release|Any CPU
	EndGlobalSection
	GlobalSection(ProjectConfigurationPlatforms) = postSolution
		{92C24A83-EECA-426B-B98C-5AC492C7D188}.Debug|Any CPU.ActiveCfg = Debug|Any CPU
		{92C24A83-EECA-426B-B98C-5AC492C7D188}.Debug|Any CPU.Build.0 = Debug|Any CPU
		{92C24A83-EECA-426B-B98C-5AC492C7D188}.Release|Any CPU.ActiveCfg = Release|Any CPU
		{92C24A83-EECA-426B-B98C-5AC492C7D188}.Release|Any CPU.Build.0 = Release|Any CPU
	EndGlobalSection
	GlobalSection(SolutionProperties) = preSolution
		HideSolutionNode = FALSE
	EndGlobalSection
	GlobalSection(ExtensibilityGlobals) = postSolution
		SolutionGuid = {39AD678C-5752-4841-8465-067689304A30}
	EndGlobalSection
EndGlobal
